{
  "name": "exampleindex",
  "version": "1.0.0",
  "lockfileVersion": 1,
  "requires": true,
  "dependencies": {
    "elasticlunr": {
      "version": "0.9.5",
      "resolved": "https://registry.npmjs.org/elasticlunr/-/elasticlunr-0.9.5.tgz",
      "integrity": "sha1-ZVQbswnd3Qz5Ty0ciGGyvmUbsNU="
    },
    "lunr": {
      "version": "2.3.3",
      "resolved": "https://registry.npmjs.org/lunr/-/lunr-2.3.3.tgz",
      "integrity": "sha512-rlAEsgU9Bnavca2w1WJ6+6cdeHMXNyadcersyk3ZpuhgWb5HBNj8l4WwJz9PjksAhYDlpQffCVXPctOn+wCIVA=="
    }
  }
}
