{
  "name": "document_indexer",
  "version": "1.0.0",
  "lockfileVersion": 1,
  "requires": true,
  "dependencies": {
    "aws-functions": {
      "version": "1.0.2",
      "resolved": "https://registry.npmjs.org/aws-functions/-/aws-functions-1.0.2.tgz",
      "integrity": "sha512-pchlK66rzTPzKXqnsVhK7R5t9r/629z4n2FyADQjV5hiZpyhwopc4nQI2+lb+IZMOKfZYdNpcuyMGSrHlJ1Exg=="
    },
    "lunr": {
      "version": "2.3.3",
      "resolved": "https://registry.npmjs.org/lunr/-/lunr-2.3.3.tgz",
      "integrity": "sha512-rlAEsgU9Bnavca2w1WJ6+6cdeHMXNyadcersyk3ZpuhgWb5HBNj8l4WwJz9PjksAhYDlpQffCVXPctOn+wCIVA=="
    }
  }
}
